
Microsoft Visual Studio Solution File, Format Version 12.00
# Visual Studio Version 17
VisualStudioVersion = 17.7.34202.233
MinimumVisualStudioVersion = 10.0.40219.1
Project("{FAE04EC0-301F-11D3-BF4B-00C04F79EFBC}") = "Visus.VcpkgStatus", "Visus.VcpkgStatus\Visus.VcpkgStatus.csproj", "{81BB0CC2-7076-4A1E-B042-ABC831E88BC4}"
EndProject
Global
	GlobalSection(SolutionConfigurationPlatforms) = preSolution
		Debug|Any CPU = Debug|Any CPU
		Release|Any CPU = Release|Any CPU
	EndGlobalSection
	GlobalSection(ProjectConfigurationPlatforms) = postSolution
		{81BB0CC2-7076-4A1E-B042-ABC831E88BC4}.Debug|Any CPU.ActiveCfg = Debug|Any CPU
		{81BB0CC2-7076-4A1E-B042-ABC831E88BC4}.Debug|Any CPU.Build.0 = Debug|Any CPU
		{81BB0CC2-7076-4A1E-B042-ABC831E88BC4}.Release|Any CPU.ActiveCfg = Release|Any CPU
		{81BB0CC2-7076-4A1E-B042-ABC831E88BC4}.Release|Any CPU.Build.0 = Release|Any CPU
	EndGlobalSection
	GlobalSection(SolutionProperties) = preSolution
		HideSolutionNode = FALSE
	EndGlobalSection
	GlobalSection(ExtensibilityGlobals) = postSolution
		SolutionGuid = {BE3D0035-1DAB-4015-9AA3-A0A3C184089D}
	EndGlobalSection
EndGlobal
